// !$*UTF8*$!
{
	archiveVersion = 1;
	classes = {
	};
	objectVersion = 46;
	objects = {

/* Begin PBXBuildFile section */
		EF44F4141CE38AD00080A058 /* AppDelegate.swift in Sources */ = {isa = PBXBuildFile; fileRef = EF44F4131CE38AD00080A058 /* AppDelegate.swift */; };
		EF44F4161CE38AD00080A058 /* ViewController.swift in Sources */ = {isa = PBXBuildFile; fileRef = EF44F4151CE38AD00080A058 /* ViewController.swift */; };
		EF44F4191CE38AD00080A058 /* Main.storyboard in Resources */ = {isa = PBXBuildFile; fileRef = EF44F4171CE38AD00080A058 /* Main.storyboard */; };
		EF44F41C1CE38AD00080A058 /* assignmentPrototype.xcdatamodeld in Sources */ = {isa = PBXBuildFile; fileRef = EF44F41A1CE38AD00080A058 /* assignmentPrototype.xcdatamodeld */; };
		EF44F41E1CE38AD00080A058 /* Assets.xcassets in Resources */ = {isa = PBXBuildFile; fileRef = EF44F41D1CE38AD00080A058 /* Assets.xcassets */; };
		EF44F4211CE38AD00080A058 /* LaunchScreen.storyboard in Resources */ = {isa = PBXBuildFile; fileRef = EF44F41F1CE38AD00080A058 /* LaunchScreen.storyboard */; };
/* End PBXBuildFile section */

/* Begin PBXFileReference section */
		EF44F4101CE38AD00080A058 /* assignmentPrototype.app */ = {isa = PBXFileReference; explicitFileType = wrapper.application; includeInIndex = 0; path = assignmentPrototype.app; sourceTree = BUILT_PRODUCTS_DIR; };
		EF44F4131CE38AD00080A058 /* AppDelegate.swift */ = {isa = PBXFileReference; lastKnownFileType = sourcecode.swift; path = AppDelegate.swift; sourceTree = "<group>"; };
		EF44F4151CE38AD00080A058 /* ViewController.swift */ = {isa = PBXFileReference; lastKnownFileType = sourcecode.swift; path = ViewController.swift; sourceTree = "<group>"; };
		EF44F4181CE38AD00080A058 /* Base */ = {isa = PBXFileReference; lastKnownFileType = file.storyboard; name = Base; path = Base.lproj/Main.storyboard; sourceTree = "<group>"; };
		EF44F41B1CE38AD00080A058 /* assignmentPrototype.xcdatamodel */ = {isa = PBXFileReference; lastKnownFileType = wrapper.xcdatamodel; path = assignmentPrototype.xcdatamodel; sourceTree = "<group>"; };
		EF44F41D1CE38AD00080A058 /* Assets.xcassets */ = {isa = PBXFileReference; lastKnownFileType = folder.assetcatalog; path = Assets.xcassets; sourceTree = "<group>"; };
		EF44F4201CE38AD00080A058 /* Base */ = {isa = PBXFileReference; lastKnownFileType = file.storyboard; name = Base; path = Base.lproj/LaunchScreen.storyboard; sourceTree = "<group>"; };
		EF44F4221CE38AD00080A058 /* Info.plist */ = {isa = PBXFileReference; lastKnownFileType = text.plist.xml; path = Info.plist; sourceTree = "<group>"; };
/* End PBXFileReference section */

/* Begin PBXFrameworksBuildPhase section */
		EF44F40D1CE38AD00080A058 /* Frameworks */ = {
			isa = PBXFrameworksBuildPhase;
			buildActionMask = 2147483647;
			files = (
			);
			runOnlyForDeploymentPostprocessing = 0;
		};
/* End PBXFrameworksBuildPhase section */

/* Begin PBXGroup section */
		EF44F4071CE38AD00080A058 = {
			isa = PBXGroup;
			children = (
				EF44F4121CE38AD00080A058 /* assignmentPrototype */,
				EF44F4111CE38AD00080A058 /* Products */,
			);
			sourceTree = "<group>";
		};
		EF44F4111CE38AD00080A058 /* Products */ = {
			isa = PBXGroup;
			children = (
				EF44F4101CE38AD00080A058 /* assignmentPrototype.app */,
			);
			name = Products;
			sourceTree = "<group>";
		};
		EF44F4121CE38AD00080A058 /* assignmentPrototype */ = {
			isa = PBXGroup;
			children = (
				EF44F4131CE38AD00080A058 /* AppDelegate.swift */,
				EF44F4151CE38AD00080A058 /* ViewController.swift */,
				EF44F4171CE38AD00080A058 /* Main.storyboard */,
				EF44F41D1CE38AD00080A058 /* Assets.xcassets */,
				EF44F41F1CE38AD00080A058 /* LaunchScreen.storyboard */,
				EF44F4221CE38AD00080A058 /* Info.plist */,
				EF44F41A1CE38AD00080A058 /* assignmentPrototype.xcdatamodeld */,
			);
			path = assignmentPrototype;
			sourceTree = "<group>";
		};
/* End PBXGroup section */

/* Begin PBXNativeTarget section */
		EF44F40F1CE38AD00080A058 /* assignmentPrototype */ = {
			isa = PBXNativeTarget;
			buildConfigurationList = EF44F4251CE38AD00080A058 /* Build configuration list for PBXNativeTarget "assignmentPrototype" */;
			buildPhases = (
				EF44F40C1CE38AD00080A058 /* Sources */,
				EF44F40D1CE38AD00080A058 /* Frameworks */,
				EF44F40E1CE38AD00080A058 /* Resources */,
			);
			buildRules = (
			);
			dependencies = (
			);
			name = assignmentPrototype;
			productName = assignmentPrototype;
			productReference = EF44F4101CE38AD00080A058 /* assignmentPrototype.app */;
			productType = "com.apple.product-type.application";
		};
/* End PBXNativeTarget section */

/* Begin PBXProject section */
		EF44F4081CE38AD00080A058 /* Project object */ = {
			isa = PBXProject;
			attributes = {
				LastSwiftUpdateCheck = 0730;
				LastUpgradeCheck = 0730;
				ORGANIZATIONNAME = "Ciaran Shaw";
				TargetAttributes = {
					EF44F40F1CE38AD00080A058 = {
						CreatedOnToolsVersion = 7.3.1;
						DevelopmentTeam = 5N6T6PHWK2;
					};
				};
			};
			buildConfigurationList = EF44F40B1CE38AD00080A058 /* Build configuration list for PBXProject "assignmentPrototype" */;
			compatibilityVersion = "Xcode 3.2";
			developmentRegion = English;
			hasScannedForEncodings = 0;
			knownRegions = (
				en,
				Base,
			);
			mainGroup = EF44F4071CE38AD00080A058;
			productRefGroup = EF44F4111CE38AD00080A058 /* Products */;
			projectDirPath = "";
			projectRoot = "";
			targets = (
				EF44F40F1CE38AD00080A058 /* assignmentPrototype */,
			);
		};
/* End PBXProject section */

/* Begin PBXResourcesBuildPhase section */
		EF44F40E1CE38AD00080A058 /* Resources */ = {
			isa = PBXResourcesBuildPhase;
			buildActionMask = 2147483647;
			files = (
				EF44F4211CE38AD00080A058 /* LaunchScreen.storyboard in Resources */,
				EF44F41E1CE38AD00080A058 /* Assets.xcassets in Resources */,
				EF44F4191CE38AD00080A058 /* Main.storyboard in Resources */,
			);
			runOnlyForDeploymentPostprocessing = 0;
		};
/* End PBXResourcesBuildPhase section */

/* Begin PBXSourcesBuildPhase section */
		EF44F40C1CE38AD00080A058 /* Sources */ = {
			isa = PBXSourcesBuildPhase;
			buildActionMask = 2147483647;
			files = (
				EF44F4161CE38AD00080A058 /* ViewController.swift in Sources */,
				EF44F4141CE38AD00080A058 /* AppDelegate.swift in Sources */,
				EF44F41C1CE38AD00080A058 /* assignmentPrototype.xcdatamodeld in Sources */,
			);
			runOnlyForDeploymentPostprocessing = 0;
		};
/* End PBXSourcesBuildPhase section */

/* Begin PBXVariantGroup section */
		EF44F4171CE38AD00080A058 /* Main.storyboard */ = {
			isa = PBXVariantGroup;
			children = (
				EF44F4181CE38AD00080A058 /* Base */,
			);
			name = Main.storyboard;
			sourceTree = "<group>";
		};
		EF44F41F1CE38AD00080A058 /* LaunchScreen.storyboard */ = {
			isa = PBXVariantGroup;
			children = (
				EF44F4201CE38AD00080A058 /* Base */,
			);
			name = LaunchScreen.storyboard;
			sourceTree = "<group>";
		};
/* End PBXVariantGroup section */

/* Begin XCBuildConfiguration section */
		EF44F4231CE38AD00080A058 /* Debug */ = {
			isa = XCBuildConfiguration;
			buildSettings = {
				ALWAYS_SEARCH_USER_PATHS = NO;
				CLANG_ANALYZER_NONNULL = YES;
				CLANG_CXX_LANGUAGE_STANDARD = "gnu++0x";
				CLANG_CXX_LIBRARY = "libc++";
				CLANG_ENABLE_MODULES = YES;
				CLANG_ENABLE_OBJC_ARC = YES;
				CLANG_WARN_BOOL_CONVERSION = YES;
				CLANG_WARN_CONSTANT_CONVERSION = YES;
				CLANG_WARN_DIRECT_OBJC_ISA_USAGE = YES_ERROR;
				CLANG_WARN_EMPTY_BODY = YES;
				CLANG_WARN_ENUM_CONVERSION = YES;
				CLANG_WARN_INT_CONVERSION = YES;
				CLANG_WARN_OBJC_ROOT_CLASS = YES_ERROR;
				CLANG_WARN_UNREACHABLE_CODE = YES;
				CLANG_WARN__DUPLICATE_METHOD_MATCH = YES;
				"CODE_SIGN_IDENTITY[sdk=iphoneos*]" = "iPhone Developer";
				COPY_PHASE_STRIP = NO;
				DEBUG_INFORMATION_FORMAT = dwarf;
				ENABLE_STRICT_OBJC_MSGSEND = YES;
				ENABLE_TESTABILITY = YES;
				GCC_C_LANGUAGE_STANDARD = gnu99;
				GCC_DYNAMIC_NO_PIC = NO;
				GCC_NO_COMMON_BLOCKS = YES;
				GCC_OPTIMIZATION_LEVEL = 0;
				GCC_PREPROCESSOR_DEFINITIONS = (
					"DEBUG=1",
					"$(inherited)",
				);
				GCC_WARN_64_TO_32_BIT_CONVERSION = YES;
				GCC_WARN_ABOUT_RETURN_TYPE = YES_ERROR;
				GCC_WARN_UNDECLARED_SELECTOR = YES;
				GCC_WARN_UNINITIALIZED_AUTOS = YES_AGGRESSIVE;
				GCC_WARN_UNUSED_FUNCTION = YES;
				GCC_WARN_UNUSED_VARIABLE = YES;
				IPHONEOS_DEPLOYMENT_TARGET = 9.3;
				MTL_ENABLE_DEBUG_INFO = YES;
				ONLY_ACTIVE_ARCH = YES;
				SDKROOT = iphoneos;
				SWIFT_OPTIMIZATION_LEVEL = "-Onone";
			};
			name = Debug;
		};
		EF44F4241CE38AD00080A058 /* Release */ = {
			isa = XCBuildConfiguration;
			buildSettings = {
				ALWAYS_SEARCH_USER_PATHS = NO;
				CLANG_ANALYZER_NONNULL = YES;
				CLANG_CXX_LANGUAGE_STANDARD = "gnu++0x";
				CLANG_CXX_LIBRARY = "libc++";
				CLANG_ENABLE_MODULES = YES;
				CLANG_ENABLE_OBJC_ARC = YES;
				CLANG_WARN_BOOL_CONVERSION = YES;
				CLANG_WARN_CONSTANT_CONVERSION = YES;
				CLANG_WARN_DIRECT_OBJC_ISA_USAGE = YES_ERROR;
				CLANG_WARN_EMPTY_BODY = YES;
				CLANG_WARN_ENUM_CONVERSION = YES;
				CLANG_WARN_INT_CONVERSION = YES;
				CLANG_WARN_OBJC_ROOT_CLASS = YES_ERROR;
				CLANG_WARN_UNREACHABLE_CODE = YES;
				CLANG_WARN__DUPLICATE_METHOD_MATCH = YES;
				"CODE_SIGN_IDENTITY[sdk=iphoneos*]" = "iPhone Developer";
				COPY_PHASE_STRIP = NO;
				DEBUG_INFORMATION_FORMAT = "dwarf-with-dsym";
				ENABLE_NS_ASSERTIONS = NO;
				ENABLE_STRICT_OBJC_MSGSEND = YES;
				GCC_C_LANGUAGE_STANDARD = gnu99;
				GCC_NO_COMMON_BLOCKS = YES;
				GCC_WARN_64_TO_32_BIT_CONVERSION = YES;
				GCC_WARN_ABOUT_RETURN_TYPE = YES_ERROR;
				GCC_WARN_UNDECLARED_SELECTOR = YES;
				GCC_WARN_UNINITIALIZED_AUTOS = YES_AGGRESSIVE;
				GCC_WARN_UNUSED_FUNCTION = YES;
				GCC_WARN_UNUSED_VARIABLE = YES;
				IPHONEOS_DEPLOYMENT_TARGET = 9.3;
				MTL_ENABLE_DEBUG_INFO = NO;
				SDKROOT = iphoneos;
				VALIDATE_PRODUCT = YES;
			};
			name = Release;
		};
		EF44F4261CE38AD00080A058 /* Debug */ = {
			isa = XCBuildConfiguration;
			buildSettings = {
				ASSETCATALOG_COMPILER_APPICON_NAME = AppIcon;
				INFOPLIST_FILE = assignmentPrototype/Info.plist;
				LD_RUNPATH_SEARCH_PATHS = "$(inherited) @executable_path/Frameworks";
				PRODUCT_BUNDLE_IDENTIFIER = cpsha5.assignmentPrototype;
				PRODUCT_NAME = "$(TARGET_NAME)";
			};
			name = Debug;
		};
		EF44F4271CE38AD00080A058 /* Release */ = {
			isa = XCBuildConfiguration;
			buildSettings = {
				ASSETCATALOG_COMPILER_APPICON_NAME = AppIcon;
				INFOPLIST_FILE = assignmentPrototype/Info.plist;
				LD_RUNPATH_SEARCH_PATHS = "$(inherited) @executable_path/Frameworks";
				PRODUCT_BUNDLE_IDENTIFIER = cpsha5.assignmentPrototype;
				PRODUCT_NAME = "$(TARGET_NAME)";
			};
			name = Release;
		};
/* End XCBuildConfiguration section */

/* Begin XCConfigurationList section */
		EF44F40B1CE38AD00080A058 /* Build configuration list for PBXProject "assignmentPrototype" */ = {
			isa = XCConfigurationList;
			buildConfigurations = (
				EF44F4231CE38AD00080A058 /* Debug */,
				EF44F4241CE38AD00080A058 /* Release */,
			);
			defaultConfigurationIsVisible = 0;
			defaultConfigurationName = Release;
		};
		EF44F4251CE38AD00080A058 /* Build configuration list for PBXNativeTarget "assignmentPrototype" */ = {
			isa = XCConfigurationList;
			buildConfigurations = (
				EF44F4261CE38AD00080A058 /* Debug */,
				EF44F4271CE38AD00080A058 /* Release */,
			);
			defaultConfigurationIsVisible = 0;
		};
/* End XCConfigurationList section */

/* Begin XCVersionGroup section */
		EF44F41A1CE38AD00080A058 /* assignmentPrototype.xcdatamodeld */ = {
			isa = XCVersionGroup;
			children = (
				EF44F41B1CE38AD00080A058 /* assignmentPrototype.xcdatamodel */,
			);
			currentVersion = EF44F41B1CE38AD00080A058 /* assignmentPrototype.xcdatamodel */;
			path = assignmentPrototype.xcdatamodeld;
			sourceTree = "<group>";
			versionGroupType = wrapper.xcdatamodel;
		};
/* End XCVersionGroup section */
	};
	rootObject = EF44F4081CE38AD00080A058 /* Project object */;
}
